
Microsoft Visual Studio Solution File, Format Version 12.00
# Visual Studio Version 16
VisualStudioVersion = 16.0.32413.511
MinimumVisualStudioVersion = 10.0.40219.1
Project("{9A19103F-16F7-4668-BE54-9A1E7A4F7556}") = "NovaForiServices.API", "NovaForiServices.API\NovaForiServices.API.csproj", "{6F1B1595-F15C-449B-A241-776F2330C981}"
EndProject
Project("{FAE04EC0-301F-11D3-BF4B-00C04F79EFBC}") = "NovaForiServices.API.Test", "NovaForiServices.API.Test\NovaForiServices.API.Test.csproj", "{0A30A9CA-711E-4837-883C-8863EDD9AD82}"
EndProject
Global
	GlobalSection(SolutionConfigurationPlatforms) = preSolution
		Debug|Any CPU = Debug|Any CPU
		Release|Any CPU = Release|Any CPU
	EndGlobalSection
	GlobalSection(ProjectConfigurationPlatforms) = postSolution
		{6F1B1595-F15C-449B-A241-776F2330C981}.Debug|Any CPU.ActiveCfg = Debug|Any CPU
		{6F1B1595-F15C-449B-A241-776F2330C981}.Debug|Any CPU.Build.0 = Debug|Any CPU
		{6F1B1595-F15C-449B-A241-776F2330C981}.Release|Any CPU.ActiveCfg = Release|Any CPU
		{6F1B1595-F15C-449B-A241-776F2330C981}.Release|Any CPU.Build.0 = Release|Any CPU
		{0A30A9CA-711E-4837-883C-8863EDD9AD82}.Debug|Any CPU.ActiveCfg = Debug|Any CPU
		{0A30A9CA-711E-4837-883C-8863EDD9AD82}.Debug|Any CPU.Build.0 = Debug|Any CPU
		{0A30A9CA-711E-4837-883C-8863EDD9AD82}.Release|Any CPU.ActiveCfg = Release|Any CPU
		{0A30A9CA-711E-4837-883C-8863EDD9AD82}.Release|Any CPU.Build.0 = Release|Any CPU
	EndGlobalSection
	GlobalSection(SolutionProperties) = preSolution
		HideSolutionNode = FALSE
	EndGlobalSection
	GlobalSection(ExtensibilityGlobals) = postSolution
		SolutionGuid = {76D2579D-4346-48A1-8BF1-B5D12ABE8159}
	EndGlobalSection
EndGlobal
